Microsoft Visual Studio Solution File, Format Version 12.00
# Visual Studio Version 17
VisualStudioVersion = 17.5.2.0
MinimumVisualStudioVersion = 10.0.40219.1
Project("{FAE04EC0-301F-11D3-BF4B-00C04F79EFBC}") = "todo-minimal-api", "todo-minimal-api.csproj", "{79104285-FED9-65E8-9AAE-5415581A5212}"
EndProject
Global
	GlobalSection(SolutionConfigurationPlatforms) = preSolution
		Debug|Any CPU = Debug|Any CPU
		Release|Any CPU = Release|Any CPU
	EndGlobalSection
	GlobalSection(ProjectConfigurationPlatforms) = postSolution
		{79104285-FED9-65E8-9AAE-5415581A5212}.Debug|Any CPU.ActiveCfg = Debug|Any CPU
		{79104285-FED9-65E8-9AAE-5415581A5212}.Debug|Any CPU.Build.0 = Debug|Any CPU
		{79104285-FED9-65E8-9AAE-5415581A5212}.Release|Any CPU.ActiveCfg = Release|Any CPU
		{79104285-FED9-65E8-9AAE-5415581A5212}.Release|Any CPU.Build.0 = Release|Any CPU
	EndGlobalSection
	GlobalSection(SolutionProperties) = preSolution
		HideSolutionNode = FALSE
	EndGlobalSection
	GlobalSection(ExtensibilityGlobals) = postSolution
		SolutionGuid = {5AE1D8A0-361B-4C8B-8F7C-3AB9B011D322}
	EndGlobalSection
EndGlobal
